// !$*UTF8*$!
{
	archiveVersion = 1;
	classes = {
	};
	objectVersion = 46;
	objects = {

/* Begin PBXBuildFile section */
		AFF5FC9919C36D690023C29D /* Foundation.framework in Frameworks */ = {isa = PBXBuildFile; fileRef = AFF5FC9819C36D690023C29D /* Foundation.framework */; };
		AFF5FC9B19C36D690023C29D /* CoreGraphics.framework in Frameworks */ = {isa = PBXBuildFile; fileRef = AFF5FC9A19C36D690023C29D /* CoreGraphics.framework */; };
		AFF5FC9D19C36D690023C29D /* UIKit.framework in Frameworks */ = {isa = PBXBuildFile; fileRef = AFF5FC9C19C36D690023C29D /* UIKit.framework */; };
		AFF5FCA319C36D690023C29D /* InfoPlist.strings in Resources */ = {isa = PBXBuildFile; fileRef = AFF5FCA119C36D690023C29D /* InfoPlist.strings */; };
		AFF5FCA519C36D690023C29D /* main.m in Sources */ = {isa = PBXBuildFile; fileRef = AFF5FCA419C36D690023C29D /* main.m */; };
		AFF5FCA919C36D690023C29D /* AppDelegate.m in Sources */ = {isa = PBXBuildFile; fileRef = AFF5FCA819C36D690023C29D /* AppDelegate.m */; };
		AFF5FCAC19C36D690023C29D /* Main.storyboard in Resources */ = {isa = PBXBuildFile; fileRef = AFF5FCAA19C36D690023C29D /* Main.storyboard */; };
		AFF5FCAF19C36D690023C29D /* ViewController.m in Sources */ = {isa = PBXBuildFile; fileRef = AFF5FCAE19C36D690023C29D /* ViewController.m */; };
		AFF5FCB119C36D690023C29D /* Images.xcassets in Resources */ = {isa = PBXBuildFile; fileRef = AFF5FCB019C36D690023C29D /* Images.xcassets */; };
		AFF5FCB819C36D690023C29D /* XCTest.framework in Frameworks */ = {isa = PBXBuildFile; fileRef = AFF5FCB719C36D690023C29D /* XCTest.framework */; };
		AFF5FCB919C36D690023C29D /* Foundation.framework in Frameworks */ = {isa = PBXBuildFile; fileRef = AFF5FC9819C36D690023C29D /* Foundation.framework */; };
		AFF5FCBA19C36D690023C29D /* UIKit.framework in Frameworks */ = {isa = PBXBuildFile; fileRef = AFF5FC9C19C36D690023C29D /* UIKit.framework */; };
		AFF5FCC219C36D690023C29D /* InfoPlist.strings in Resources */ = {isa = PBXBuildFile; fileRef = AFF5FCC019C36D690023C29D /* InfoPlist.strings */; };
		AFF5FCC419C36D690023C29D /* LeGrandCadeauTests.m in Sources */ = {isa = PBXBuildFile; fileRef = AFF5FCC319C36D690023C29D /* LeGrandCadeauTests.m */; };
/* End PBXBuildFile section */

/* Begin PBXContainerItemProxy section */
		AFF5FCBB19C36D690023C29D /* PBXContainerItemProxy */ = {
			isa = PBXContainerItemProxy;
			containerPortal = AFF5FC8D19C36D690023C29D /* Project object */;
			proxyType = 1;
			remoteGlobalIDString = AFF5FC9419C36D690023C29D;
			remoteInfo = LeGrandCadeau;
		};
/* End PBXContainerItemProxy section */

/* Begin PBXFileReference section */
		AFF5FC9519C36D690023C29D /* LeGrandCadeau.app */ = {isa = PBXFileReference; explicitFileType = wrapper.application; includeInIndex = 0; path = LeGrandCadeau.app; sourceTree = BUILT_PRODUCTS_DIR; };
		AFF5FC9819C36D690023C29D /* Foundation.framework */ = {isa = PBXFileReference; lastKnownFileType = wrapper.framework; name = Foundation.framework; path = System/Library/Frameworks/Foundation.framework; sourceTree = SDKROOT; };
		AFF5FC9A19C36D690023C29D /* CoreGraphics.framework */ = {isa = PBXFileReference; lastKnownFileType = wrapper.framework; name = CoreGraphics.framework; path = System/Library/Frameworks/CoreGraphics.framework; sourceTree = SDKROOT; };
		AFF5FC9C19C36D690023C29D /* UIKit.framework */ = {isa = PBXFileReference; lastKnownFileType = wrapper.framework; name = UIKit.framework; path = System/Library/Frameworks/UIKit.framework; sourceTree = SDKROOT; };
		AFF5FCA019C36D690023C29D /* LeGrandCadeau-Info.plist */ = {isa = PBXFileReference; lastKnownFileType = text.plist.xml; path = "LeGrandCadeau-Info.plist"; sourceTree = "<group>"; };
		AFF5FCA219C36D690023C29D /* en */ = {isa = PBXFileReference; lastKnownFileType = text.plist.strings; name = en; path = en.lproj/InfoPlist.strings; sourceTree = "<group>"; };
		AFF5FCA419C36D690023C29D /* main.m */ = {isa = PBXFileReference; lastKnownFileType = sourcecode.c.objc; path = main.m; sourceTree = "<group>"; };
		AFF5FCA619C36D690023C29D /* LeGrandCadeau-Prefix.pch */ = {isa = PBXFileReference; lastKnownFileType = sourcecode.c.h; path = "LeGrandCadeau-Prefix.pch"; sourceTree = "<group>"; };
		AFF5FCA719C36D690023C29D /* AppDelegate.h */ = {isa = PBXFileReference; lastKnownFileType = sourcecode.c.h; path = AppDelegate.h; sourceTree = "<group>"; };
		AFF5FCA819C36D690023C29D /* AppDelegate.m */ = {isa = PBXFileReference; lastKnownFileType = sourcecode.c.objc; path = AppDelegate.m; sourceTree = "<group>"; };
		AFF5FCAB19C36D690023C29D /* Base */ = {isa = PBXFileReference; lastKnownFileType = file.storyboard; name = Base; path = Base.lproj/Main.storyboard; sourceTree = "<group>"; };
		AFF5FCAD19C36D690023C29D /* ViewController.h */ = {isa = PBXFileReference; lastKnownFileType = sourcecode.c.h; path = ViewController.h; sourceTree = "<group>"; };
		AFF5FCAE19C36D690023C29D /* ViewController.m */ = {isa = PBXFileReference; lastKnownFileType = sourcecode.c.objc; path = ViewController.m; sourceTree = "<group>"; };
		AFF5FCB019C36D690023C29D /* Images.xcassets */ = {isa = PBXFileReference; lastKnownFileType = folder.assetcatalog; path = Images.xcassets; sourceTree = "<group>"; };
		AFF5FCB619C36D690023C29D /* LeGrandCadeauTests.xctest */ = {isa = PBXFileReference; explicitFileType = wrapper.cfbundle; includeInIndex = 0; path = LeGrandCadeauTests.xctest; sourceTree = BUILT_PRODUCTS_DIR; };
		AFF5FCB719C36D690023C29D /* XCTest.framework */ = {isa = PBXFileReference; lastKnownFileType = wrapper.framework; name = XCTest.framework; path = Library/Frameworks/XCTest.framework; sourceTree = DEVELOPER_DIR; };
		AFF5FCBF19C36D690023C29D /* LeGrandCadeauTests-Info.plist */ = {isa = PBXFileReference; lastKnownFileType = text.plist.xml; path = "LeGrandCadeauTests-Info.plist"; sourceTree = "<group>"; };
		AFF5FCC119C36D690023C29D /* en */ = {isa = PBXFileReference; lastKnownFileType = text.plist.strings; name = en; path = en.lproj/InfoPlist.strings; sourceTree = "<group>"; };
		AFF5FCC319C36D690023C29D /* LeGrandCadeauTests.m */ = {isa = PBXFileReference; lastKnownFileType = sourcecode.c.objc; path = LeGrandCadeauTests.m; sourceTree = "<group>"; };
/* End PBXFileReference section */

/* Begin PBXFrameworksBuildPhase section */
		AFF5FC9219C36D690023C29D /* Frameworks */ = {
			isa = PBXFrameworksBuildPhase;
			buildActionMask = 2147483647;
			files = (
				AFF5FC9B19C36D690023C29D /* CoreGraphics.framework in Frameworks */,
				AFF5FC9D19C36D690023C29D /* UIKit.framework in Frameworks */,
				AFF5FC9919C36D690023C29D /* Foundation.framework in Frameworks */,
			);
			runOnlyForDeploymentPostprocessing = 0;
		};
		AFF5FCB319C36D690023C29D /* Frameworks */ = {
			isa = PBXFrameworksBuildPhase;
			buildActionMask = 2147483647;
			files = (
				AFF5FCB819C36D690023C29D /* XCTest.framework in Frameworks */,
				AFF5FCBA19C36D690023C29D /* UIKit.framework in Frameworks */,
				AFF5FCB919C36D690023C29D /* Foundation.framework in Frameworks */,
			);
			runOnlyForDeploymentPostprocessing = 0;
		};
/* End PBXFrameworksBuildPhase section */

/* Begin PBXGroup section */
		AFF5FC8C19C36D690023C29D = {
			isa = PBXGroup;
			children = (
				AFF5FC9E19C36D690023C29D /* LeGrandCadeau */,
				AFF5FCBD19C36D690023C29D /* LeGrandCadeauTests */,
				AFF5FC9719C36D690023C29D /* Frameworks */,
				AFF5FC9619C36D690023C29D /* Products */,
			);
			sourceTree = "<group>";
		};
		AFF5FC9619C36D690023C29D /* Products */ = {
			isa = PBXGroup;
			children = (
				AFF5FC9519C36D690023C29D /* LeGrandCadeau.app */,
				AFF5FCB619C36D690023C29D /* LeGrandCadeauTests.xctest */,
			);
			name = Products;
			sourceTree = "<group>";
		};
		AFF5FC9719C36D690023C29D /* Frameworks */ = {
			isa = PBXGroup;
			children = (
				AFF5FC9819C36D690023C29D /* Foundation.framework */,
				AFF5FC9A19C36D690023C29D /* CoreGraphics.framework */,
				AFF5FC9C19C36D690023C29D /* UIKit.framework */,
				AFF5FCB719C36D690023C29D /* XCTest.framework */,
			);
			name = Frameworks;
			sourceTree = "<group>";
		};
		AFF5FC9E19C36D690023C29D /* LeGrandCadeau */ = {
			isa = PBXGroup;
			children = (
				AFF5FCA719C36D690023C29D /* AppDelegate.h */,
				AFF5FCA819C36D690023C29D /* AppDelegate.m */,
				AFF5FCAA19C36D690023C29D /* Main.storyboard */,
				AFF5FCAD19C36D690023C29D /* ViewController.h */,
				AFF5FCAE19C36D690023C29D /* ViewController.m */,
				AFF5FCB019C36D690023C29D /* Images.xcassets */,
				AFF5FC9F19C36D690023C29D /* Supporting Files */,
			);
			path = LeGrandCadeau;
			sourceTree = "<group>";
		};
		AFF5FC9F19C36D690023C29D /* Supporting Files */ = {
			isa = PBXGroup;
			children = (
				AFF5FCA019C36D690023C29D /* LeGrandCadeau-Info.plist */,
				AFF5FCA119C36D690023C29D /* InfoPlist.strings */,
				AFF5FCA419C36D690023C29D /* main.m */,
				AFF5FCA619C36D690023C29D /* LeGrandCadeau-Prefix.pch */,
			);
			name = "Supporting Files";
			sourceTree = "<group>";
		};
		AFF5FCBD19C36D690023C29D /* LeGrandCadeauTests */ = {
			isa = PBXGroup;
			children = (
				AFF5FCC319C36D690023C29D /* LeGrandCadeauTests.m */,
				AFF5FCBE19C36D690023C29D /* Supporting Files */,
			);
			path = LeGrandCadeauTests;
			sourceTree = "<group>";
		};
		AFF5FCBE19C36D690023C29D /* Supporting Files */ = {
			isa = PBXGroup;
			children = (
				AFF5FCBF19C36D690023C29D /* LeGrandCadeauTests-Info.plist */,
				AFF5FCC019C36D690023C29D /* InfoPlist.strings */,
			);
			name = "Supporting Files";
			sourceTree = "<group>";
		};
/* End PBXGroup section */

/* Begin PBXNativeTarget section */
		AFF5FC9419C36D690023C29D /* LeGrandCadeau */ = {
			isa = PBXNativeTarget;
			buildConfigurationList = AFF5FCC719C36D690023C29D /* Build configuration list for PBXNativeTarget "LeGrandCadeau" */;
			buildPhases = (
				AFF5FC9119C36D690023C29D /* Sources */,
				AFF5FC9219C36D690023C29D /* Frameworks */,
				AFF5FC9319C36D690023C29D /* Resources */,
			);
			buildRules = (
			);
			dependencies = (
			);
			name = LeGrandCadeau;
			productName = LeGrandCadeau;
			productReference = AFF5FC9519C36D690023C29D /* LeGrandCadeau.app */;
			productType = "com.apple.product-type.application";
		};
		AFF5FCB519C36D690023C29D /* LeGrandCadeauTests */ = {
			isa = PBXNativeTarget;
			buildConfigurationList = AFF5FCCA19C36D690023C29D /* Build configuration list for PBXNativeTarget "LeGrandCadeauTests" */;
			buildPhases = (
				AFF5FCB219C36D690023C29D /* Sources */,
				AFF5FCB319C36D690023C29D /* Frameworks */,
				AFF5FCB419C36D690023C29D /* Resources */,
			);
			buildRules = (
			);
			dependencies = (
				AFF5FCBC19C36D690023C29D /* PBXTargetDependency */,
			);
			name = LeGrandCadeauTests;
			productName = LeGrandCadeauTests;
			productReference = AFF5FCB619C36D690023C29D /* LeGrandCadeauTests.xctest */;
			productType = "com.apple.product-type.bundle.unit-test";
		};
/* End PBXNativeTarget section */

/* Begin PBXProject section */
		AFF5FC8D19C36D690023C29D /* Project object */ = {
			isa = PBXProject;
			attributes = {
				LastUpgradeCheck = 0510;
				ORGANIZATIONNAME = Macadamian;
				TargetAttributes = {
					AFF5FCB519C36D690023C29D = {
						TestTargetID = AFF5FC9419C36D690023C29D;
					};
				};
			};
			buildConfigurationList = AFF5FC9019C36D690023C29D /* Build configuration list for PBXProject "LeGrandCadeau" */;
			compatibilityVersion = "Xcode 3.2";
			developmentRegion = English;
			hasScannedForEncodings = 0;
			knownRegions = (
				en,
				Base,
			);
			mainGroup = AFF5FC8C19C36D690023C29D;
			productRefGroup = AFF5FC9619C36D690023C29D /* Products */;
			projectDirPath = "";
			projectRoot = "";
			targets = (
				AFF5FC9419C36D690023C29D /* LeGrandCadeau */,
				AFF5FCB519C36D690023C29D /* LeGrandCadeauTests */,
			);
		};
/* End PBXProject section */

/* Begin PBXResourcesBuildPhase section */
		AFF5FC9319C36D690023C29D /* Resources */ = {
			isa = PBXResourcesBuildPhase;
			buildActionMask = 2147483647;
			files = (
				AFF5FCB119C36D690023C29D /* Images.xcassets in Resources */,
				AFF5FCA319C36D690023C29D /* InfoPlist.strings in Resources */,
				AFF5FCAC19C36D690023C29D /* Main.storyboard in Resources */,
			);
			runOnlyForDeploymentPostprocessing = 0;
		};
		AFF5FCB419C36D690023C29D /* Resources */ = {
			isa = PBXResourcesBuildPhase;
			buildActionMask = 2147483647;
			files = (
				AFF5FCC219C36D690023C29D /* InfoPlist.strings in Resources */,
			);
			runOnlyForDeploymentPostprocessing = 0;
		};
/* End PBXResourcesBuildPhase section */

/* Begin PBXSourcesBuildPhase section */
		AFF5FC9119C36D690023C29D /* Sources */ = {
			isa = PBXSourcesBuildPhase;
			buildActionMask = 2147483647;
			files = (
				AFF5FCAF19C36D690023C29D /* ViewController.m in Sources */,
				AFF5FCA919C36D690023C29D /* AppDelegate.m in Sources */,
				AFF5FCA519C36D690023C29D /* main.m in Sources */,
			);
			runOnlyForDeploymentPostprocessing = 0;
		};
		AFF5FCB219C36D690023C29D /* Sources */ = {
			isa = PBXSourcesBuildPhase;
			buildActionMask = 2147483647;
			files = (
				AFF5FCC419C36D690023C29D /* LeGrandCadeauTests.m in Sources */,
			);
			runOnlyForDeploymentPostprocessing = 0;
		};
/* End PBXSourcesBuildPhase section */

/* Begin PBXTargetDependency section */
		AFF5FCBC19C36D690023C29D /* PBXTargetDependency */ = {
			isa = PBXTargetDependency;
			target = AFF5FC9419C36D690023C29D /* LeGrandCadeau */;
			targetProxy = AFF5FCBB19C36D690023C29D /* PBXContainerItemProxy */;
		};
/* End PBXTargetDependency section */

/* Begin PBXVariantGroup section */
		AFF5FCA119C36D690023C29D /* InfoPlist.strings */ = {
			isa = PBXVariantGroup;
			children = (
				AFF5FCA219C36D690023C29D /* en */,
			);
			name = InfoPlist.strings;
			sourceTree = "<group>";
		};
		AFF5FCAA19C36D690023C29D /* Main.storyboard */ = {
			isa = PBXVariantGroup;
			children = (
				AFF5FCAB19C36D690023C29D /* Base */,
			);
			name = Main.storyboard;
			sourceTree = "<group>";
		};
		AFF5FCC019C36D690023C29D /* InfoPlist.strings */ = {
			isa = PBXVariantGroup;
			children = (
				AFF5FCC119C36D690023C29D /* en */,
			);
			name = InfoPlist.strings;
			sourceTree = "<group>";
		};
/* End PBXVariantGroup section */

/* Begin XCBuildConfiguration section */
		AFF5FCC519C36D690023C29D /* Debug */ = {
			isa = XCBuildConfiguration;
			buildSettings = {
				ALWAYS_SEARCH_USER_PATHS = NO;
				CLANG_CXX_LANGUAGE_STANDARD = "gnu++0x";
				CLANG_CXX_LIBRARY = "libc++";
				CLANG_ENABLE_MODULES = YES;
				CLANG_ENABLE_OBJC_ARC = YES;
				CLANG_WARN_BOOL_CONVERSION = YES;
				CLANG_WARN_CONSTANT_CONVERSION = YES;
				CLANG_WARN_DIRECT_OBJC_ISA_USAGE = YES_ERROR;
				CLANG_WARN_EMPTY_BODY = YES;
				CLANG_WARN_ENUM_CONVERSION = YES;
				CLANG_WARN_INT_CONVERSION = YES;
				CLANG_WARN_OBJC_ROOT_CLASS = YES_ERROR;
				CLANG_WARN__DUPLICATE_METHOD_MATCH = YES;
				"CODE_SIGN_IDENTITY[sdk=iphoneos*]" = "iPhone Developer";
				COPY_PHASE_STRIP = NO;
				GCC_C_LANGUAGE_STANDARD = gnu99;
				GCC_DYNAMIC_NO_PIC = NO;
				GCC_OPTIMIZATION_LEVEL = 0;
				GCC_PREPROCESSOR_DEFINITIONS = (
					"DEBUG=1",
					"$(inherited)",
				);
				GCC_SYMBOLS_PRIVATE_EXTERN = NO;
				GCC_WARN_64_TO_32_BIT_CONVERSION = YES;
				GCC_WARN_ABOUT_RETURN_TYPE = YES_ERROR;
				GCC_WARN_UNDECLARED_SELECTOR = YES;
				GCC_WARN_UNINITIALIZED_AUTOS = YES_AGGRESSIVE;
				GCC_WARN_UNUSED_FUNCTION = YES;
				GCC_WARN_UNUSED_VARIABLE = YES;
				IPHONEOS_DEPLOYMENT_TARGET = 7.1;
				ONLY_ACTIVE_ARCH = YES;
				SDKROOT = iphoneos;
				TARGETED_DEVICE_FAMILY = 2;
			};
			name = Debug;
		};
		AFF5FCC619C36D690023C29D /* Release */ = {
			isa = XCBuildConfiguration;
			buildSettings = {
				ALWAYS_SEARCH_USER_PATHS = NO;
				CLANG_CXX_LANGUAGE_STANDARD = "gnu++0x";
				CLANG_CXX_LIBRARY = "libc++";
				CLANG_ENABLE_MODULES = YES;
				CLANG_ENABLE_OBJC_ARC = YES;
				CLANG_WARN_BOOL_CONVERSION = YES;
				CLANG_WARN_CONSTANT_CONVERSION = YES;
				CLANG_WARN_DIRECT_OBJC_ISA_USAGE = YES_ERROR;
				CLANG_WARN_EMPTY_BODY = YES;
				CLANG_WARN_ENUM_CONVERSION = YES;
				CLANG_WARN_INT_CONVERSION = YES;
				CLANG_WARN_OBJC_ROOT_CLASS = YES_ERROR;
				CLANG_WARN__DUPLICATE_METHOD_MATCH = YES;
				"CODE_SIGN_IDENTITY[sdk=iphoneos*]" = "iPhone Developer";
				COPY_PHASE_STRIP = YES;
				ENABLE_NS_ASSERTIONS = NO;
				GCC_C_LANGUAGE_STANDARD = gnu99;
				GCC_WARN_64_TO_32_BIT_CONVERSION = YES;
				GCC_WARN_ABOUT_RETURN_TYPE = YES_ERROR;
				GCC_WARN_UNDECLARED_SELECTOR = YES;
				GCC_WARN_UNINITIALIZED_AUTOS = YES_AGGRESSIVE;
				GCC_WARN_UNUSED_FUNCTION = YES;
				GCC_WARN_UNUSED_VARIABLE = YES;
				IPHONEOS_DEPLOYMENT_TARGET = 7.1;
				SDKROOT = iphoneos;
				TARGETED_DEVICE_FAMILY = 2;
				VALIDATE_PRODUCT = YES;
			};
			name = Release;
		};
		AFF5FCC819C36D690023C29D /* Debug */ = {
			isa = XCBuildConfiguration;
			buildSettings = {
				ASSETCATALOG_COMPILER_APPICON_NAME = AppIcon;
				ASSETCATALOG_COMPILER_LAUNCHIMAGE_NAME = LaunchImage;
				GCC_PRECOMPILE_PREFIX_HEADER = YES;
				GCC_PREFIX_HEADER = "LeGrandCadeau/LeGrandCadeau-Prefix.pch";
				INFOPLIST_FILE = "LeGrandCadeau/LeGrandCadeau-Info.plist";
				PRODUCT_NAME = "$(TARGET_NAME)";
				WRAPPER_EXTENSION = app;
			};
			name = Debug;
		};
		AFF5FCC919C36D690023C29D /* Release */ = {
			isa = XCBuildConfiguration;
			buildSettings = {
				ASSETCATALOG_COMPILER_APPICON_NAME = AppIcon;
				ASSETCATALOG_COMPILER_LAUNCHIMAGE_NAME = LaunchImage;
				GCC_PRECOMPILE_PREFIX_HEADER = YES;
				GCC_PREFIX_HEADER = "LeGrandCadeau/LeGrandCadeau-Prefix.pch";
				INFOPLIST_FILE = "LeGrandCadeau/LeGrandCadeau-Info.plist";
				PRODUCT_NAME = "$(TARGET_NAME)";
				WRAPPER_EXTENSION = app;
			};
			name = Release;
		};
		AFF5FCCB19C36D690023C29D /* Debug */ = {
			isa = XCBuildConfiguration;
			buildSettings = {
				BUNDLE_LOADER = "$(BUILT_PRODUCTS_DIR)/LeGrandCadeau.app/LeGrandCadeau";
				FRAMEWORK_SEARCH_PATHS = (
					"$(SDKROOT)/Developer/Library/Frameworks",
					"$(inherited)",
					"$(DEVELOPER_FRAMEWORKS_DIR)",
				);
				GCC_PRECOMPILE_PREFIX_HEADER = YES;
				GCC_PREFIX_HEADER = "LeGrandCadeau/LeGrandCadeau-Prefix.pch";
				GCC_PREPROCESSOR_DEFINITIONS = (
					"DEBUG=1",
					"$(inherited)",
				);
				INFOPLIST_FILE = "LeGrandCadeauTests/LeGrandCadeauTests-Info.plist";
				PRODUCT_NAME = "$(TARGET_NAME)";
				TEST_HOST = "$(BUNDLE_LOADER)";
				WRAPPER_EXTENSION = xctest;
			};
			name = Debug;
		};
		AFF5FCCC19C36D690023C29D /* Release */ = {
			isa = XCBuildConfiguration;
			buildSettings = {
				BUNDLE_LOADER = "$(BUILT_PRODUCTS_DIR)/LeGrandCadeau.app/LeGrandCadeau";
				FRAMEWORK_SEARCH_PATHS = (
					"$(SDKROOT)/Developer/Library/Frameworks",
					"$(inherited)",
					"$(DEVELOPER_FRAMEWORKS_DIR)",
				);
				GCC_PRECOMPILE_PREFIX_HEADER = YES;
				GCC_PREFIX_HEADER = "LeGrandCadeau/LeGrandCadeau-Prefix.pch";
				INFOPLIST_FILE = "LeGrandCadeauTests/LeGrandCadeauTests-Info.plist";
				PRODUCT_NAME = "$(TARGET_NAME)";
				TEST_HOST = "$(BUNDLE_LOADER)";
				WRAPPER_EXTENSION = xctest;
			};
			name = Release;
		};
/* End XCBuildConfiguration section */

/* Begin XCConfigurationList section */
		AFF5FC9019C36D690023C29D /* Build configuration list for PBXProject "LeGrandCadeau" */ = {
			isa = XCConfigurationList;
			buildConfigurations = (
				AFF5FCC519C36D690023C29D /* Debug */,
				AFF5FCC619C36D690023C29D /* Release */,
			);
			defaultConfigurationIsVisible = 0;
			defaultConfigurationName = Release;
		};
		AFF5FCC719C36D690023C29D /* Build configuration list for PBXNativeTarget "LeGrandCadeau" */ = {
			isa = XCConfigurationList;
			buildConfigurations = (
				AFF5FCC819C36D690023C29D /* Debug */,
				AFF5FCC919C36D690023C29D /* Release */,
			);
			defaultConfigurationIsVisible = 0;
		};
		AFF5FCCA19C36D690023C29D /* Build configuration list for PBXNativeTarget "LeGrandCadeauTests" */ = {
			isa = XCConfigurationList;
			buildConfigurations = (
				AFF5FCCB19C36D690023C29D /* Debug */,
				AFF5FCCC19C36D690023C29D /* Release */,
			);
			defaultConfigurationIsVisible = 0;
		};
/* End XCConfigurationList section */
	};
	rootObject = AFF5FC8D19C36D690023C29D /* Project object */;
}
